
Microsoft Visual Studio Solution File, Format Version 12.00
Project("{FAE04EC0-301F-11D3-BF4B-00C04F79EFBC}") = "MathPuzzles", "MathPuzzles\MathPuzzles.csproj", "{B492295A-056C-4083-9324-15478F73A7A7}"
EndProject
Project("{FAE04EC0-301F-11D3-BF4B-00C04F79EFBC}") = "Tests", "Tests\Tests.csproj", "{733A4363-4556-4573-A3C7-3118549D3C11}"
EndProject
Global
	GlobalSection(SolutionConfigurationPlatforms) = preSolution
		Debug|Any CPU = Debug|Any CPU
		Release|Any CPU = Release|Any CPU
	EndGlobalSection
	GlobalSection(ProjectConfigurationPlatforms) = postSolution
		{B492295A-056C-4083-9324-15478F73A7A7}.Debug|Any CPU.ActiveCfg = Debug|Any CPU
		{B492295A-056C-4083-9324-15478F73A7A7}.Debug|Any CPU.Build.0 = Debug|Any CPU
		{B492295A-056C-4083-9324-15478F73A7A7}.Release|Any CPU.ActiveCfg = Release|Any CPU
		{B492295A-056C-4083-9324-15478F73A7A7}.Release|Any CPU.Build.0 = Release|Any CPU
		{733A4363-4556-4573-A3C7-3118549D3C11}.Debug|Any CPU.ActiveCfg = Debug|Any CPU
		{733A4363-4556-4573-A3C7-3118549D3C11}.Debug|Any CPU.Build.0 = Debug|Any CPU
		{733A4363-4556-4573-A3C7-3118549D3C11}.Release|Any CPU.ActiveCfg = Release|Any CPU
		{733A4363-4556-4573-A3C7-3118549D3C11}.Release|Any CPU.Build.0 = Release|Any CPU
	EndGlobalSection
EndGlobal
